
Microsoft Visual Studio Solution File, Format Version 12.00
# Visual Studio 15
VisualStudioVersion = 15.0.28307.645
MinimumVisualStudioVersion = 10.0.40219.1
Project("{FAE04EC0-301F-11D3-BF4B-00C04F79EFBC}") = "EntityFrameworkCoreTest", "EntityFrameworkCoreTest\EntityFrameworkCoreTest.csproj", "{221F3A4C-AC23-4149-9898-F4224BC70830}"
EndProject
Global
	GlobalSection(SolutionConfigurationPlatforms) = preSolution
		Debug|Any CPU = Debug|Any CPU
		Release|Any CPU = Release|Any CPU
	EndGlobalSection
	GlobalSection(ProjectConfigurationPlatforms) = postSolution
		{221F3A4C-AC23-4149-9898-F4224BC70830}.Debug|Any CPU.ActiveCfg = Debug|Any CPU
		{221F3A4C-AC23-4149-9898-F4224BC70830}.Debug|Any CPU.Build.0 = Debug|Any CPU
		{221F3A4C-AC23-4149-9898-F4224BC70830}.Release|Any CPU.ActiveCfg = Release|Any CPU
		{221F3A4C-AC23-4149-9898-F4224BC70830}.Release|Any CPU.Build.0 = Release|Any CPU
	EndGlobalSection
	GlobalSection(SolutionProperties) = preSolution
		HideSolutionNode = FALSE
	EndGlobalSection
	GlobalSection(ExtensibilityGlobals) = postSolution
		SolutionGuid = {5EE3CD1B-B495-4BEB-A047-E083250879F5}
	EndGlobalSection
EndGlobal
